<?xml version="1.0" encoding="utf-8"?>
<Project ToolsVersion="4.0" xmlns="http://schemas.microsoft.com/developer/msbuild/2003">
  <ItemGroup>
    <Filter Include="Form Files">
      <UniqueIdentifier>{99349809-55BA-4b9d-BF79-8FDBB0286EB3}</UniqueIdentifier>
      <Extensions>ui</Extensions>
    </Filter>
    <Filter Include="Resource Files">
      <UniqueIdentifier>{D9D6E242-F8AF-46E4-B9FD-80ECBC20BA3E}</UniqueIdentifier>
      <Extensions>qrc;*</Extensions>
      <ParseFiles>false</ParseFiles>
    </Filter>
    <Filter Include="Generated Files">
      <UniqueIdentifier>{71ED8ED8-ACB9-4CE9-BBE1-E00B30144E11}</UniqueIdentifier>
      <Extensions>moc;h;cpp</Extensions>
      <SourceControlFiles>False</SourceControlFiles>
    </Filter>
    <Filter Include="Generated Files\Debug">
      <UniqueIdentifier>{0e6d03bf-b743-4382-85b6-19c33ce0b9bb}</UniqueIdentifier>
      <Extensions>cpp;moc</Extensions>
      <SourceControlFiles>False</SourceControlFiles>
    </Filter>
    <Filter Include="Generated Files\Release">
      <UniqueIdentifier>{05b91f33-16db-451e-9d57-1ab7dd71ae24}</UniqueIdentifier>
      <Extensions>cpp;moc</Extensions>
      <SourceControlFiles>False</SourceControlFiles>
    </Filter>
    <Filter Include="plugin">
      <UniqueIdentifier>{8afc75bc-2eb2-4a09-ad9e-b2717250a25c}</UniqueIdentifier>
    </Filter>
    <Filter Include="widget">
      <UniqueIdentifier>{55aaa52b-4d37-4104-bbe9-706ef94f6233}</UniqueIdentifier>
    </Filter>
    <Filter Include="widget\headers">
      <UniqueIdentifier>{46b2bbb5-9e6c-43f1-8c86-9395a57f7fab}</UniqueIdentifier>
    </Filter>
    <Filter Include="widget\sources">
      <UniqueIdentifier>{32ca7a9e-4418-4b55-94f9-8847c0efe5db}</UniqueIdentifier>
    </Filter>
    <Filter Include="plugin\headers">
      <UniqueIdentifier>{02dbc73d-975e-4531-b702-6f13ead76891}</UniqueIdentifier>
    </Filter>
    <Filter Include="plugin\sources">
      <UniqueIdentifier>{62300d1e-8cce-4d36-b3d1-5eca8fc3573c}</UniqueIdentifier>
    </Filter>
  </ItemGroup>
  <ItemGroup>
    <ClCompile Include="GeneratedFiles\Debug\moc_RegKeyModel.cpp">
      <Filter>Generated Files\Debug</Filter>
    </ClCompile>
    <ClCompile Include="GeneratedFiles\Release\moc_RegKeyModel.cpp">
      <Filter>Generated Files\Release</Filter>
    </ClCompile>
    <ClCompile Include="GeneratedFiles\Debug\moc_RegParserThread.cpp">
      <Filter>Generated Files\Debug</Filter>
    </ClCompile>
    <ClCompile Include="GeneratedFiles\Release\moc_RegParserThread.cpp">
      <Filter>Generated Files\Release</Filter>
    </ClCompile>
    <ClCompile Include="GeneratedFiles\Debug\moc_RegValueModel.cpp">
      <Filter>Generated Files\Debug</Filter>
    </ClCompile>
    <ClCompile Include="GeneratedFiles\Release\moc_RegValueModel.cpp">
      <Filter>Generated Files\Release</Filter>
    </ClCompile>
    <ClCompile Include="GeneratedFiles\Debug\moc_RegWidget.cpp">
      <Filter>Generated Files\Debug</Filter>
    </ClCompile>
    <ClCompile Include="GeneratedFiles\Release\moc_RegWidget.cpp">
      <Filter>Generated Files\Release</Filter>
    </ClCompile>
    <ClCompile Include="RegWidget.cpp">
      <Filter>widget\headers</Filter>
    </ClCompile>
    <ClCompile Include="RegKeyData.cpp">
      <Filter>widget\headers</Filter>
    </ClCompile>
    <ClCompile Include="RegKeyModel.cpp">
      <Filter>widget\headers</Filter>
    </ClCompile>
    <ClCompile Include="RegParser.cpp">
      <Filter>widget\headers</Filter>
    </ClCompile>
    <ClCompile Include="RegParserThread.cpp">
      <Filter>widget\headers</Filter>
    </ClCompile>
    <ClCompile Include="RegStorage.cpp">
      <Filter>widget\headers</Filter>
    </ClCompile>
    <ClCompile Include="RegValueData.cpp">
      <Filter>widget\headers</Filter>
    </ClCompile>
    <ClCompile Include="RegValueModel.cpp">
      <Filter>widget\headers</Filter>
    </ClCompile>
    <ClCompile Include="winregplugin.cpp">
      <Filter>plugin\sources</Filter>
    </ClCompile>
    <ClCompile Include="GeneratedFiles\qrc_plugin.cpp">
      <Filter>Generated Files</Filter>
    </ClCompile>
  </ItemGroup>
  <ItemGroup>
    <ClInclude Include="GeneratedFiles\ui_RegWidget.h">
      <Filter>Generated Files</Filter>
    </ClInclude>
    <ClInclude Include="winregplugin.h">
      <Filter>plugin\headers</Filter>
    </ClInclude>
    <ClInclude Include="winregplugin_global.h">
      <Filter>plugin\headers</Filter>
    </ClInclude>
    <ClInclude Include="IRegParserListener.h">
      <Filter>widget\headers</Filter>
    </ClInclude>
    <ClInclude Include="RegKeyData.h">
      <Filter>widget\sources</Filter>
    </ClInclude>
    <ClInclude Include="RegParser.h">
      <Filter>widget\sources</Filter>
    </ClInclude>
    <ClInclude Include="RegStorage.h">
      <Filter>widget\sources</Filter>
    </ClInclude>
    <ClInclude Include="RegValueData.h">
      <Filter>widget\sources</Filter>
    </ClInclude>
  </ItemGroup>
  <ItemGroup>
    <CustomBuild Include="RegWidget.ui">
      <Filter>Form Files</Filter>
    </CustomBuild>
    <CustomBuild Include="RegWidget.h">
      <Filter>widget\sources</Filter>
    </CustomBuild>
    <CustomBuild Include="RegKeyModel.h">
      <Filter>widget\sources</Filter>
    </CustomBuild>
    <CustomBuild Include="RegParserThread.h">
      <Filter>widget\sources</Filter>
    </CustomBuild>
    <CustomBuild Include="RegValueModel.h">
      <Filter>widget\sources</Filter>
    </CustomBuild>
    <CustomBuild Include="plugin.qrc">
      <Filter>Resource Files</Filter>
    </CustomBuild>
  </ItemGroup>
</Project>